
Microsoft Visual Studio Solution File, Format Version 12.00
# Visual Studio Version 17
VisualStudioVersion = 17.12.35209.166
MinimumVisualStudioVersion = 10.0.40219.1
Project("{FAE04EC0-301F-11D3-BF4B-00C04F79EFBC}") = "kutuphane", "kutuphane\kutuphane.csproj", "{B2E4526E-3877-4089-B69D-FF7046A6A918}"
EndProject
Project("{2150E333-8FDC-42A3-9474-1A3956D46DE8}") = "Çözüm Öğeleri", "Çözüm Öğeleri", "{DC74E01A-E859-4B9F-8C90-A6645D63BE47}"
	ProjectSection(SolutionItems) = preProject
		..\..\kapaklar\2.jpg = ..\..\kapaklar\2.jpg
		..\..\kapaklar\3.jpg = ..\..\kapaklar\3.jpg
		..\..\kapaklar\5.jpg = ..\..\kapaklar\5.jpg
		..\..\kapaklar\6.jpg = ..\..\kapaklar\6.jpg
		..\..\kapaklar\7.jpg = ..\..\kapaklar\7.jpg
		..\..\kapaklar\8.jpg = ..\..\kapaklar\8.jpg
		..\..\kapaklar\89.jpg = ..\..\kapaklar\89.jpg
	EndProjectSection
EndProject
Global
	GlobalSection(SolutionConfigurationPlatforms) = preSolution
		Debug|Any CPU = Debug|Any CPU
		Debug|x64 = Debug|x64
		Debug|x86 = Debug|x86
		Release|Any CPU = Release|Any CPU
		Release|x64 = Release|x64
		Release|x86 = Release|x86
	EndGlobalSection
	GlobalSection(ProjectConfigurationPlatforms) = postSolution
		{B2E4526E-3877-4089-B69D-FF7046A6A918}.Debug|Any CPU.ActiveCfg = Debug|Any CPU
		{B2E4526E-3877-4089-B69D-FF7046A6A918}.Debug|Any CPU.Build.0 = Debug|Any CPU
		{B2E4526E-3877-4089-B69D-FF7046A6A918}.Debug|x64.ActiveCfg = Debug|Any CPU
		{B2E4526E-3877-4089-B69D-FF7046A6A918}.Debug|x64.Build.0 = Debug|Any CPU
		{B2E4526E-3877-4089-B69D-FF7046A6A918}.Debug|x86.ActiveCfg = Debug|Any CPU
		{B2E4526E-3877-4089-B69D-FF7046A6A918}.Debug|x86.Build.0 = Debug|Any CPU
		{B2E4526E-3877-4089-B69D-FF7046A6A918}.Release|Any CPU.ActiveCfg = Release|Any CPU
		{B2E4526E-3877-4089-B69D-FF7046A6A918}.Release|Any CPU.Build.0 = Release|Any CPU
		{B2E4526E-3877-4089-B69D-FF7046A6A918}.Release|x64.ActiveCfg = Release|Any CPU
		{B2E4526E-3877-4089-B69D-FF7046A6A918}.Release|x64.Build.0 = Release|Any CPU
		{B2E4526E-3877-4089-B69D-FF7046A6A918}.Release|x86.ActiveCfg = Release|Any CPU
	EndGlobalSection
	GlobalSection(SolutionProperties) = preSolution
		HideSolutionNode = FALSE
	EndGlobalSection
	GlobalSection(ExtensibilityGlobals) = postSolution
		SolutionGuid = {8AC528F8-9EB3-40B6-B111-C6D747E8165E}
	EndGlobalSection
EndGlobal
